PODS:
  - SonderAnalytics (3.8.1)

DEPENDENCIES:
  - SonderAnalytics

SPEC REPOS:
  https://github.com/cocoapods/specs.git:
    - SonderAnalytics

SPEC CHECKSUMS:
  SonderAnalytics: 10721d706e4214377c3b4d59d9af30fa3e0276d5

PODFILE CHECKSUM: b695e5da2de4674852a0c3f71142e4827c0c17b4

COCOAPODS: 1.5.3
